gopkg.org/generic v1.0.0 h1:Fl6XgPtPihYOpKB1N3Dlv++uufZOCtRDZZtC5LdIZSw=
gopkg.org/generic v1.0.0/go.mod h1:6Bqr4wuM03sedAI02RtZs/eqrXiOoz8DLfGkln4hYTs=
gopkg.org/swaggerui v1.2.0 h1:mJMeF9ZaThmC4xpjyH3/s0b2Wm18VUc4r6TSpiwVD14=
gopkg.org/swaggerui v1.2.0/go.mod h1:4t+ObN66rcd4Qc47XGli78H/dyeYUApzz5MohlInApc=
